
Microsoft Visual Studio Solution File, Format Version 11.00
# Visual Studio 2010
Project("{FAE04EC0-301F-11D3-BF4B-00C04F79EFBC}") = "AutoResizeTextView", "AutoResizeTextView\AutoResizeTextView.csproj", "{B6EEBE63-676B-4CE5-8568-0A3DE16F89C7}"
EndProject
Global
	GlobalSection(SolutionConfigurationPlatforms) = preSolution
		Debug|Any CPU = Debug|Any CPU
		Release|Any CPU = Release|Any CPU
	EndGlobalSection
	GlobalSection(ProjectConfigurationPlatforms) = postSolution
		{B6EEBE63-676B-4CE5-8568-0A3DE16F89C7}.Debug|Any CPU.ActiveCfg = Debug|Any CPU
		{B6EEBE63-676B-4CE5-8568-0A3DE16F89C7}.Debug|Any CPU.Build.0 = Debug|Any CPU
		{B6EEBE63-676B-4CE5-8568-0A3DE16F89C7}.Release|Any CPU.ActiveCfg = Release|Any CPU
		{B6EEBE63-676B-4CE5-8568-0A3DE16F89C7}.Release|Any CPU.Build.0 = Release|Any CPU
	EndGlobalSection
	GlobalSection(MonoDevelopProperties) = preSolution
		StartupItem = AutoResizeTextView\AutoResizeTextView.csproj
	EndGlobalSection
EndGlobal
